// !$*UTF8*$!
{
	archiveVersion = 1;
	classes = {
	};
	objectVersion = 46;
	objects = {

/* Begin PBXBuildFile section */
		AE98066B19253DA500B09C17 /* Foundation.framework in Frameworks */ = {isa = PBXBuildFile; fileRef = AE98066A19253DA500B09C17 /* Foundation.framework */; };
		AE98066D19253DA500B09C17 /* CoreGraphics.framework in Frameworks */ = {isa = PBXBuildFile; fileRef = AE98066C19253DA500B09C17 /* CoreGraphics.framework */; };
		AE98066F19253DA500B09C17 /* UIKit.framework in Frameworks */ = {isa = PBXBuildFile; fileRef = AE98066E19253DA500B09C17 /* UIKit.framework */; };
		AE98067519253DA500B09C17 /* InfoPlist.strings in Resources */ = {isa = PBXBuildFile; fileRef = AE98067319253DA500B09C17 /* InfoPlist.strings */; };
		AE98067719253DA500B09C17 /* main.m in Sources */ = {isa = PBXBuildFile; fileRef = AE98067619253DA500B09C17 /* main.m */; };
		AE98067B19253DA500B09C17 /* AppDelegate.m in Sources */ = {isa = PBXBuildFile; fileRef = AE98067A19253DA500B09C17 /* AppDelegate.m */; };
		AE98067E19253DA500B09C17 /* Main.storyboard in Resources */ = {isa = PBXBuildFile; fileRef = AE98067C19253DA500B09C17 /* Main.storyboard */; };
		AE98068119253DA500B09C17 /* ViewController.m in Sources */ = {isa = PBXBuildFile; fileRef = AE98068019253DA500B09C17 /* ViewController.m */; };
		AE98068319253DA500B09C17 /* Images.xcassets in Resources */ = {isa = PBXBuildFile; fileRef = AE98068219253DA500B09C17 /* Images.xcassets */; };
		AE98068A19253DA500B09C17 /* XCTest.framework in Frameworks */ = {isa = PBXBuildFile; fileRef = AE98068919253DA500B09C17 /* XCTest.framework */; };
		AE98068B19253DA500B09C17 /* Foundation.framework in Frameworks */ = {isa = PBXBuildFile; fileRef = AE98066A19253DA500B09C17 /* Foundation.framework */; };
		AE98068C19253DA500B09C17 /* UIKit.framework in Frameworks */ = {isa = PBXBuildFile; fileRef = AE98066E19253DA500B09C17 /* UIKit.framework */; };
		AE98069419253DA500B09C17 /* InfoPlist.strings in Resources */ = {isa = PBXBuildFile; fileRef = AE98069219253DA500B09C17 /* InfoPlist.strings */; };
		AE98069619253DA500B09C17 /* TicTacToeTests.m in Sources */ = {isa = PBXBuildFile; fileRef = AE98069519253DA500B09C17 /* TicTacToeTests.m */; };
/* End PBXBuildFile section */

/* Begin PBXContainerItemProxy section */
		AE98068D19253DA500B09C17 /* PBXContainerItemProxy */ = {
			isa = PBXContainerItemProxy;
			containerPortal = AE98065F19253DA500B09C17 /* Project object */;
			proxyType = 1;
			remoteGlobalIDString = AE98066619253DA500B09C17;
			remoteInfo = TicTacToe;
		};
/* End PBXContainerItemProxy section */

/* Begin PBXFileReference section */
		AE98066719253DA500B09C17 /* TicTacToe.app */ = {isa = PBXFileReference; explicitFileType = wrapper.application; includeInIndex = 0; path = TicTacToe.app; sourceTree = BUILT_PRODUCTS_DIR; };
		AE98066A19253DA500B09C17 /* Foundation.framework */ = {isa = PBXFileReference; lastKnownFileType = wrapper.framework; name = Foundation.framework; path = System/Library/Frameworks/Foundation.framework; sourceTree = SDKROOT; };
		AE98066C19253DA500B09C17 /* CoreGraphics.framework */ = {isa = PBXFileReference; lastKnownFileType = wrapper.framework; name = CoreGraphics.framework; path = System/Library/Frameworks/CoreGraphics.framework; sourceTree = SDKROOT; };
		AE98066E19253DA500B09C17 /* UIKit.framework */ = {isa = PBXFileReference; lastKnownFileType = wrapper.framework; name = UIKit.framework; path = System/Library/Frameworks/UIKit.framework; sourceTree = SDKROOT; };
		AE98067219253DA500B09C17 /* TicTacToe-Info.plist */ = {isa = PBXFileReference; lastKnownFileType = text.plist.xml; path = "TicTacToe-Info.plist"; sourceTree = "<group>"; };
		AE98067419253DA500B09C17 /* en */ = {isa = PBXFileReference; lastKnownFileType = text.plist.strings; name = en; path = en.lproj/InfoPlist.strings; sourceTree = "<group>"; };
		AE98067619253DA500B09C17 /* main.m */ = {isa = PBXFileReference; lastKnownFileType = sourcecode.c.objc; path = main.m; sourceTree = "<group>"; };
		AE98067819253DA500B09C17 /* TicTacToe-Prefix.pch */ = {isa = PBXFileReference; lastKnownFileType = sourcecode.c.h; path = "TicTacToe-Prefix.pch"; sourceTree = "<group>"; };
		AE98067919253DA500B09C17 /* AppDelegate.h */ = {isa = PBXFileReference; lastKnownFileType = sourcecode.c.h; path = AppDelegate.h; sourceTree = "<group>"; };
		AE98067A19253DA500B09C17 /* AppDelegate.m */ = {isa = PBXFileReference; lastKnownFileType = sourcecode.c.objc; path = AppDelegate.m; sourceTree = "<group>"; };
		AE98067D19253DA500B09C17 /* Base */ = {isa = PBXFileReference; lastKnownFileType = file.storyboard; name = Base; path = Base.lproj/Main.storyboard; sourceTree = "<group>"; };
		AE98067F19253DA500B09C17 /* ViewController.h */ = {isa = PBXFileReference; lastKnownFileType = sourcecode.c.h; path = ViewController.h; sourceTree = "<group>"; };
		AE98068019253DA500B09C17 /* ViewController.m */ = {isa = PBXFileReference; lastKnownFileType = sourcecode.c.objc; path = ViewController.m; sourceTree = "<group>"; };
		AE98068219253DA500B09C17 /* Images.xcassets */ = {isa = PBXFileReference; lastKnownFileType = folder.assetcatalog; path = Images.xcassets; sourceTree = "<group>"; };
		AE98068819253DA500B09C17 /* TicTacToeTests.xctest */ = {isa = PBXFileReference; explicitFileType = wrapper.cfbundle; includeInIndex = 0; path = TicTacToeTests.xctest; sourceTree = BUILT_PRODUCTS_DIR; };
		AE98068919253DA500B09C17 /* XCTest.framework */ = {isa = PBXFileReference; lastKnownFileType = wrapper.framework; name = XCTest.framework; path = Library/Frameworks/XCTest.framework; sourceTree = DEVELOPER_DIR; };
		AE98069119253DA500B09C17 /* TicTacToeTests-Info.plist */ = {isa = PBXFileReference; lastKnownFileType = text.plist.xml; path = "TicTacToeTests-Info.plist"; sourceTree = "<group>"; };
		AE98069319253DA500B09C17 /* en */ = {isa = PBXFileReference; lastKnownFileType = text.plist.strings; name = en; path = en.lproj/InfoPlist.strings; sourceTree = "<group>"; };
		AE98069519253DA500B09C17 /* TicTacToeTests.m */ = {isa = PBXFileReference; lastKnownFileType = sourcecode.c.objc; path = TicTacToeTests.m; sourceTree = "<group>"; };
/* End PBXFileReference section */

/* Begin PBXFrameworksBuildPhase section */
		AE98066419253DA500B09C17 /* Frameworks */ = {
			isa = PBXFrameworksBuildPhase;
			buildActionMask = 2147483647;
			files = (
				AE98066D19253DA500B09C17 /* CoreGraphics.framework in Frameworks */,
				AE98066F19253DA500B09C17 /* UIKit.framework in Frameworks */,
				AE98066B19253DA500B09C17 /* Foundation.framework in Frameworks */,
			);
			runOnlyForDeploymentPostprocessing = 0;
		};
		AE98068519253DA500B09C17 /* Frameworks */ = {
			isa = PBXFrameworksBuildPhase;
			buildActionMask = 2147483647;
			files = (
				AE98068A19253DA500B09C17 /* XCTest.framework in Frameworks */,
				AE98068C19253DA500B09C17 /* UIKit.framework in Frameworks */,
				AE98068B19253DA500B09C17 /* Foundation.framework in Frameworks */,
			);
			runOnlyForDeploymentPostprocessing = 0;
		};
/* End PBXFrameworksBuildPhase section */

/* Begin PBXGroup section */
		AE98065E19253DA500B09C17 = {
			isa = PBXGroup;
			children = (
				AE98067019253DA500B09C17 /* TicTacToe */,
				AE98068F19253DA500B09C17 /* TicTacToeTests */,
				AE98066919253DA500B09C17 /* Frameworks */,
				AE98066819253DA500B09C17 /* Products */,
			);
			sourceTree = "<group>";
		};
		AE98066819253DA500B09C17 /* Products */ = {
			isa = PBXGroup;
			children = (
				AE98066719253DA500B09C17 /* TicTacToe.app */,
				AE98068819253DA500B09C17 /* TicTacToeTests.xctest */,
			);
			name = Products;
			sourceTree = "<group>";
		};
		AE98066919253DA500B09C17 /* Frameworks */ = {
			isa = PBXGroup;
			children = (
				AE98066A19253DA500B09C17 /* Foundation.framework */,
				AE98066C19253DA500B09C17 /* CoreGraphics.framework */,
				AE98066E19253DA500B09C17 /* UIKit.framework */,
				AE98068919253DA500B09C17 /* XCTest.framework */,
			);
			name = Frameworks;
			sourceTree = "<group>";
		};
		AE98067019253DA500B09C17 /* TicTacToe */ = {
			isa = PBXGroup;
			children = (
				AE98067919253DA500B09C17 /* AppDelegate.h */,
				AE98067A19253DA500B09C17 /* AppDelegate.m */,
				AE98067C19253DA500B09C17 /* Main.storyboard */,
				AE98067F19253DA500B09C17 /* ViewController.h */,
				AE98068019253DA500B09C17 /* ViewController.m */,
				AE98068219253DA500B09C17 /* Images.xcassets */,
				AE98067119253DA500B09C17 /* Supporting Files */,
			);
			path = TicTacToe;
			sourceTree = "<group>";
		};
		AE98067119253DA500B09C17 /* Supporting Files */ = {
			isa = PBXGroup;
			children = (
				AE98067219253DA500B09C17 /* TicTacToe-Info.plist */,
				AE98067319253DA500B09C17 /* InfoPlist.strings */,
				AE98067619253DA500B09C17 /* main.m */,
				AE98067819253DA500B09C17 /* TicTacToe-Prefix.pch */,
			);
			name = "Supporting Files";
			sourceTree = "<group>";
		};
		AE98068F19253DA500B09C17 /* TicTacToeTests */ = {
			isa = PBXGroup;
			children = (
				AE98069519253DA500B09C17 /* TicTacToeTests.m */,
				AE98069019253DA500B09C17 /* Supporting Files */,
			);
			path = TicTacToeTests;
			sourceTree = "<group>";
		};
		AE98069019253DA500B09C17 /* Supporting Files */ = {
			isa = PBXGroup;
			children = (
				AE98069119253DA500B09C17 /* TicTacToeTests-Info.plist */,
				AE98069219253DA500B09C17 /* InfoPlist.strings */,
			);
			name = "Supporting Files";
			sourceTree = "<group>";
		};
/* End PBXGroup section */

/* Begin PBXNativeTarget section */
		AE98066619253DA500B09C17 /* TicTacToe */ = {
			isa = PBXNativeTarget;
			buildConfigurationList = AE98069919253DA500B09C17 /* Build configuration list for PBXNativeTarget "TicTacToe" */;
			buildPhases = (
				AE98066319253DA500B09C17 /* Sources */,
				AE98066419253DA500B09C17 /* Frameworks */,
				AE98066519253DA500B09C17 /* Resources */,
			);
			buildRules = (
			);
			dependencies = (
			);
			name = TicTacToe;
			productName = TicTacToe;
			productReference = AE98066719253DA500B09C17 /* TicTacToe.app */;
			productType = "com.apple.product-type.application";
		};
		AE98068719253DA500B09C17 /* TicTacToeTests */ = {
			isa = PBXNativeTarget;
			buildConfigurationList = AE98069C19253DA500B09C17 /* Build configuration list for PBXNativeTarget "TicTacToeTests" */;
			buildPhases = (
				AE98068419253DA500B09C17 /* Sources */,
				AE98068519253DA500B09C17 /* Frameworks */,
				AE98068619253DA500B09C17 /* Resources */,
			);
			buildRules = (
			);
			dependencies = (
				AE98068E19253DA500B09C17 /* PBXTargetDependency */,
			);
			name = TicTacToeTests;
			productName = TicTacToeTests;
			productReference = AE98068819253DA500B09C17 /* TicTacToeTests.xctest */;
			productType = "com.apple.product-type.bundle.unit-test";
		};
/* End PBXNativeTarget section */

/* Begin PBXProject section */
		AE98065F19253DA500B09C17 /* Project object */ = {
			isa = PBXProject;
			attributes = {
				LastUpgradeCheck = 0510;
				ORGANIZATIONNAME = Mathien;
				TargetAttributes = {
					AE98068719253DA500B09C17 = {
						TestTargetID = AE98066619253DA500B09C17;
					};
				};
			};
			buildConfigurationList = AE98066219253DA500B09C17 /* Build configuration list for PBXProject "TicTacToe" */;
			compatibilityVersion = "Xcode 3.2";
			developmentRegion = English;
			hasScannedForEncodings = 0;
			knownRegions = (
				en,
				Base,
			);
			mainGroup = AE98065E19253DA500B09C17;
			productRefGroup = AE98066819253DA500B09C17 /* Products */;
			projectDirPath = "";
			projectRoot = "";
			targets = (
				AE98066619253DA500B09C17 /* TicTacToe */,
				AE98068719253DA500B09C17 /* TicTacToeTests */,
			);
		};
/* End PBXProject section */

/* Begin PBXResourcesBuildPhase section */
		AE98066519253DA500B09C17 /* Resources */ = {
			isa = PBXResourcesBuildPhase;
			buildActionMask = 2147483647;
			files = (
				AE98068319253DA500B09C17 /* Images.xcassets in Resources */,
				AE98067519253DA500B09C17 /* InfoPlist.strings in Resources */,
				AE98067E19253DA500B09C17 /* Main.storyboard in Resources */,
			);
			runOnlyForDeploymentPostprocessing = 0;
		};
		AE98068619253DA500B09C17 /* Resources */ = {
			isa = PBXResourcesBuildPhase;
			buildActionMask = 2147483647;
			files = (
				AE98069419253DA500B09C17 /* InfoPlist.strings in Resources */,
			);
			runOnlyForDeploymentPostprocessing = 0;
		};
/* End PBXResourcesBuildPhase section */

/* Begin PBXSourcesBuildPhase section */
		AE98066319253DA500B09C17 /* Sources */ = {
			isa = PBXSourcesBuildPhase;
			buildActionMask = 2147483647;
			files = (
				AE98068119253DA500B09C17 /* ViewController.m in Sources */,
				AE98067B19253DA500B09C17 /* AppDelegate.m in Sources */,
				AE98067719253DA500B09C17 /* main.m in Sources */,
			);
			runOnlyForDeploymentPostprocessing = 0;
		};
		AE98068419253DA500B09C17 /* Sources */ = {
			isa = PBXSourcesBuildPhase;
			buildActionMask = 2147483647;
			files = (
				AE98069619253DA500B09C17 /* TicTacToeTests.m in Sources */,
			);
			runOnlyForDeploymentPostprocessing = 0;
		};
/* End PBXSourcesBuildPhase section */

/* Begin PBXTargetDependency section */
		AE98068E19253DA500B09C17 /* PBXTargetDependency */ = {
			isa = PBXTargetDependency;
			target = AE98066619253DA500B09C17 /* TicTacToe */;
			targetProxy = AE98068D19253DA500B09C17 /* PBXContainerItemProxy */;
		};
/* End PBXTargetDependency section */

/* Begin PBXVariantGroup section */
		AE98067319253DA500B09C17 /* InfoPlist.strings */ = {
			isa = PBXVariantGroup;
			children = (
				AE98067419253DA500B09C17 /* en */,
			);
			name = InfoPlist.strings;
			sourceTree = "<group>";
		};
		AE98067C19253DA500B09C17 /* Main.storyboard */ = {
			isa = PBXVariantGroup;
			children = (
				AE98067D19253DA500B09C17 /* Base */,
			);
			name = Main.storyboard;
			sourceTree = "<group>";
		};
		AE98069219253DA500B09C17 /* InfoPlist.strings */ = {
			isa = PBXVariantGroup;
			children = (
				AE98069319253DA500B09C17 /* en */,
			);
			name = InfoPlist.strings;
			sourceTree = "<group>";
		};
/* End PBXVariantGroup section */

/* Begin XCBuildConfiguration section */
		AE98069719253DA500B09C17 /* Debug */ = {
			isa = XCBuildConfiguration;
			buildSettings = {
				ALWAYS_SEARCH_USER_PATHS = NO;
				CLANG_CXX_LANGUAGE_STANDARD = "gnu++0x";
				CLANG_CXX_LIBRARY = "libc++";
				CLANG_ENABLE_MODULES = YES;
				CLANG_ENABLE_OBJC_ARC = YES;
				CLANG_WARN_BOOL_CONVERSION = YES;
				CLANG_WARN_CONSTANT_CONVERSION = YES;
				CLANG_WARN_DIRECT_OBJC_ISA_USAGE = YES_ERROR;
				CLANG_WARN_EMPTY_BODY = YES;
				CLANG_WARN_ENUM_CONVERSION = YES;
				CLANG_WARN_INT_CONVERSION = YES;
				CLANG_WARN_OBJC_ROOT_CLASS = YES_ERROR;
				CLANG_WARN__DUPLICATE_METHOD_MATCH = YES;
				"CODE_SIGN_IDENTITY[sdk=iphoneos*]" = "iPhone Developer";
				COPY_PHASE_STRIP = NO;
				GCC_C_LANGUAGE_STANDARD = gnu99;
				GCC_DYNAMIC_NO_PIC = NO;
				GCC_OPTIMIZATION_LEVEL = 0;
				GCC_PREPROCESSOR_DEFINITIONS = (
					"DEBUG=1",
					"$(inherited)",
				);
				GCC_SYMBOLS_PRIVATE_EXTERN = NO;
				GCC_WARN_64_TO_32_BIT_CONVERSION = YES;
				GCC_WARN_ABOUT_RETURN_TYPE = YES_ERROR;
				GCC_WARN_UNDECLARED_SELECTOR = YES;
				GCC_WARN_UNINITIALIZED_AUTOS = YES_AGGRESSIVE;
				GCC_WARN_UNUSED_FUNCTION = YES;
				GCC_WARN_UNUSED_VARIABLE = YES;
				IPHONEOS_DEPLOYMENT_TARGET = 7.1;
				ONLY_ACTIVE_ARCH = YES;
				SDKROOT = iphoneos;
			};
			name = Debug;
		};
		AE98069819253DA500B09C17 /* Release */ = {
			isa = XCBuildConfiguration;
			buildSettings = {
				ALWAYS_SEARCH_USER_PATHS = NO;
				CLANG_CXX_LANGUAGE_STANDARD = "gnu++0x";
				CLANG_CXX_LIBRARY = "libc++";
				CLANG_ENABLE_MODULES = YES;
				CLANG_ENABLE_OBJC_ARC = YES;
				CLANG_WARN_BOOL_CONVERSION = YES;
				CLANG_WARN_CONSTANT_CONVERSION = YES;
				CLANG_WARN_DIRECT_OBJC_ISA_USAGE = YES_ERROR;
				CLANG_WARN_EMPTY_BODY = YES;
				CLANG_WARN_ENUM_CONVERSION = YES;
				CLANG_WARN_INT_CONVERSION = YES;
				CLANG_WARN_OBJC_ROOT_CLASS = YES_ERROR;
				CLANG_WARN__DUPLICATE_METHOD_MATCH = YES;
				"CODE_SIGN_IDENTITY[sdk=iphoneos*]" = "iPhone Developer";
				COPY_PHASE_STRIP = YES;
				ENABLE_NS_ASSERTIONS = NO;
				GCC_C_LANGUAGE_STANDARD = gnu99;
				GCC_WARN_64_TO_32_BIT_CONVERSION = YES;
				GCC_WARN_ABOUT_RETURN_TYPE = YES_ERROR;
				GCC_WARN_UNDECLARED_SELECTOR = YES;
				GCC_WARN_UNINITIALIZED_AUTOS = YES_AGGRESSIVE;
				GCC_WARN_UNUSED_FUNCTION = YES;
				GCC_WARN_UNUSED_VARIABLE = YES;
				IPHONEOS_DEPLOYMENT_TARGET = 7.1;
				SDKROOT = iphoneos;
				VALIDATE_PRODUCT = YES;
			};
			name = Release;
		};
		AE98069A19253DA500B09C17 /* Debug */ = {
			isa = XCBuildConfiguration;
			buildSettings = {
				ASSETCATALOG_COMPILER_APPICON_NAME = AppIcon;
				ASSETCATALOG_COMPILER_LAUNCHIMAGE_NAME = LaunchImage;
				GCC_PRECOMPILE_PREFIX_HEADER = YES;
				GCC_PREFIX_HEADER = "TicTacToe/TicTacToe-Prefix.pch";
				INFOPLIST_FILE = "TicTacToe/TicTacToe-Info.plist";
				PRODUCT_NAME = "$(TARGET_NAME)";
				WRAPPER_EXTENSION = app;
			};
			name = Debug;
		};
		AE98069B19253DA500B09C17 /* Release */ = {
			isa = XCBuildConfiguration;
			buildSettings = {
				ASSETCATALOG_COMPILER_APPICON_NAME = AppIcon;
				ASSETCATALOG_COMPILER_LAUNCHIMAGE_NAME = LaunchImage;
				GCC_PRECOMPILE_PREFIX_HEADER = YES;
				GCC_PREFIX_HEADER = "TicTacToe/TicTacToe-Prefix.pch";
				INFOPLIST_FILE = "TicTacToe/TicTacToe-Info.plist";
				PRODUCT_NAME = "$(TARGET_NAME)";
				WRAPPER_EXTENSION = app;
			};
			name = Release;
		};
		AE98069D19253DA500B09C17 /* Debug */ = {
			isa = XCBuildConfiguration;
			buildSettings = {
				BUNDLE_LOADER = "$(BUILT_PRODUCTS_DIR)/TicTacToe.app/TicTacToe";
				FRAMEWORK_SEARCH_PATHS = (
					"$(SDKROOT)/Developer/Library/Frameworks",
					"$(inherited)",
					"$(DEVELOPER_FRAMEWORKS_DIR)",
				);
				GCC_PRECOMPILE_PREFIX_HEADER = YES;
				GCC_PREFIX_HEADER = "TicTacToe/TicTacToe-Prefix.pch";
				GCC_PREPROCESSOR_DEFINITIONS = (
					"DEBUG=1",
					"$(inherited)",
				);
				INFOPLIST_FILE = "TicTacToeTests/TicTacToeTests-Info.plist";
				PRODUCT_NAME = "$(TARGET_NAME)";
				TEST_HOST = "$(BUNDLE_LOADER)";
				WRAPPER_EXTENSION = xctest;
			};
			name = Debug;
		};
		AE98069E19253DA500B09C17 /* Release */ = {
			isa = XCBuildConfiguration;
			buildSettings = {
				BUNDLE_LOADER = "$(BUILT_PRODUCTS_DIR)/TicTacToe.app/TicTacToe";
				FRAMEWORK_SEARCH_PATHS = (
					"$(SDKROOT)/Developer/Library/Frameworks",
					"$(inherited)",
					"$(DEVELOPER_FRAMEWORKS_DIR)",
				);
				GCC_PRECOMPILE_PREFIX_HEADER = YES;
				GCC_PREFIX_HEADER = "TicTacToe/TicTacToe-Prefix.pch";
				INFOPLIST_FILE = "TicTacToeTests/TicTacToeTests-Info.plist";
				PRODUCT_NAME = "$(TARGET_NAME)";
				TEST_HOST = "$(BUNDLE_LOADER)";
				WRAPPER_EXTENSION = xctest;
			};
			name = Release;
		};
/* End XCBuildConfiguration section */

/* Begin XCConfigurationList section */
		AE98066219253DA500B09C17 /* Build configuration list for PBXProject "TicTacToe" */ = {
			isa = XCConfigurationList;
			buildConfigurations = (
				AE98069719253DA500B09C17 /* Debug */,
				AE98069819253DA500B09C17 /* Release */,
			);
			defaultConfigurationIsVisible = 0;
			defaultConfigurationName = Release;
		};
		AE98069919253DA500B09C17 /* Build configuration list for PBXNativeTarget "TicTacToe" */ = {
			isa = XCConfigurationList;
			buildConfigurations = (
				AE98069A19253DA500B09C17 /* Debug */,
				AE98069B19253DA500B09C17 /* Release */,
			);
			defaultConfigurationIsVisible = 0;
		};
		AE98069C19253DA500B09C17 /* Build configuration list for PBXNativeTarget "TicTacToeTests" */ = {
			isa = XCConfigurationList;
			buildConfigurations = (
				AE98069D19253DA500B09C17 /* Debug */,
				AE98069E19253DA500B09C17 /* Release */,
			);
			defaultConfigurationIsVisible = 0;
		};
/* End XCConfigurationList section */
	};
	rootObject = AE98065F19253DA500B09C17 /* Project object */;
}
